
Microsoft Visual Studio Solution File, Format Version 12.00
# Visual Studio 15
VisualStudioVersion = 15.0.28010.2046
MinimumVisualStudioVersion = 10.0.40219.1
Project("{FAE04EC0-301F-11D3-BF4B-00C04F79EFBC}") = "Stack", "Stack\Stack.csproj", "{AEB0B0B0-ECB2-49EA-9B28-520714E8A0AE}"
EndProject
Project("{FAE04EC0-301F-11D3-BF4B-00C04F79EFBC}") = "Queue", "Queue\Queue.csproj", "{B2D77C65-ABAA-4DC3-ADC2-81E518D0EDEB}"
EndProject
Global
	GlobalSection(SolutionConfigurationPlatforms) = preSolution
		Debug|Any CPU = Debug|Any CPU
		Release|Any CPU = Release|Any CPU
	EndGlobalSection
	GlobalSection(ProjectConfigurationPlatforms) = postSolution
		{AEB0B0B0-ECB2-49EA-9B28-520714E8A0AE}.Debug|Any CPU.ActiveCfg = Debug|Any CPU
		{AEB0B0B0-ECB2-49EA-9B28-520714E8A0AE}.Debug|Any CPU.Build.0 = Debug|Any CPU
		{AEB0B0B0-ECB2-49EA-9B28-520714E8A0AE}.Release|Any CPU.ActiveCfg = Release|Any CPU
		{AEB0B0B0-ECB2-49EA-9B28-520714E8A0AE}.Release|Any CPU.Build.0 = Release|Any CPU
		{B2D77C65-ABAA-4DC3-ADC2-81E518D0EDEB}.Debug|Any CPU.ActiveCfg = Debug|Any CPU
		{B2D77C65-ABAA-4DC3-ADC2-81E518D0EDEB}.Debug|Any CPU.Build.0 = Debug|Any CPU
		{B2D77C65-ABAA-4DC3-ADC2-81E518D0EDEB}.Release|Any CPU.ActiveCfg = Release|Any CPU
		{B2D77C65-ABAA-4DC3-ADC2-81E518D0EDEB}.Release|Any CPU.Build.0 = Release|Any CPU
	EndGlobalSection
	GlobalSection(SolutionProperties) = preSolution
		HideSolutionNode = FALSE
	EndGlobalSection
	GlobalSection(ExtensibilityGlobals) = postSolution
		SolutionGuid = {B57D99FE-126F-4483-B959-B7435772F6E8}
	EndGlobalSection
EndGlobal
